# This file is automatically @generated by Poetry 2.1.1 and should not be changed by hand.

[[package]]
name = "asgiref"
version = "3.8.1"
description = "ASGI specs, helper code, and adapters"
optional = false
python-versions = ">=3.8"
groups = ["main"]
files = [
    {file = "asgiref-3.8.1-py3-none-any.whl", hash = "sha256:3e1e3ecc849832fe52ccf2cb6686b7a55f82bb1d6aee72a58826471390335e47"},
    {file = "asgiref-3.8.1.tar.gz", hash = "sha256:c343bd80a0bec947a9860adb4c432ffa7db769836c64238fc34bdc3fec84d590"},
]

[package.dependencies]
typing-extensions = {version = ">=4", markers = "python_version < \"3.11\""}

[package.extras]
tests = ["mypy (>=0.800)", "pytest", "pytest-asyncio"]

[[package]]
name = "bcrypt"
version = "4.3.0"
description = "Modern password hashing for your software and your servers"
optional = false
python-versions = ">=3.8"
groups = ["main"]
files = [
    {file = "bcrypt-4.3.0-cp313-cp313t-macosx_10_12_universal2.whl", hash = "sha256:f01e060f14b6b57bbb72fc5b4a83ac21c443c9a2ee708e04a10e9192f90a6281"},
    {file = "bcrypt-4.3.0-cp313-cp313t-manylinux_2_17_aarch64.manylinux2014_aarch64.whl", hash = "sha256:c5eeac541cefd0bb887a371ef73c62c3cd78535e4887b310626036a7c0a817bb"},
    {file = "bcrypt-4.3.0-cp313-cp313t-manylinux_2_17_x86_64.manylinux2014_x86_64.whl", hash = "sha256:59e1aa0e2cd871b08ca146ed08445038f42ff75968c7ae50d2fdd7860ade2180"},
    {file = "bcrypt-4.3.0-cp313-cp313t-manylinux_2_28_aarch64.whl", hash = "sha256:0042b2e342e9ae3d2ed22727c1262f76cc4f345683b5c1715f0250cf4277294f"},
    {file = "bcrypt-4.3.0-cp313-cp313t-manylinux_2_28_armv7l.manylinux_2_31_armv7l.whl", hash = "sha256:74a8d21a09f5e025a9a23e7c0fd2c7fe8e7503e4d356c0a2c1486ba010619f09"},
    {file = "bcrypt-4.3.0-cp313-cp313t-manylinux_2_28_x86_64.whl", hash = "sha256:0142b2cb84a009f8452c8c5a33ace5e3dfec4159e7735f5afe9a4d50a8ea722d"},
    {file = "bcrypt-4.3.0-cp313-cp313t-manylinux_2_34_aarch64.whl", hash = "sha256:12fa6ce40cde3f0b899729dbd7d5e8811cb892d31b6f7d0334a1f37748b789fd"},
    {file = "bcrypt-4.3.0-cp313-cp313t-manylinux_2_34_x86_64.whl", hash = "sha256:5bd3cca1f2aa5dbcf39e2aa13dd094ea181f48959e1071265de49cc2b82525af"},
    {file = "bcrypt-4.3.0-cp313-cp313t-musllinux_1_1_aarch64.whl", hash = "sha256:335a420cfd63fc5bc27308e929bee231c15c85cc4c496610ffb17923abf7f231"},
    {file = "bcrypt-4.3.0-cp313-cp313t-musllinux_1_1_x86_64.whl", hash = "sha256:0e30e5e67aed0187a1764911af023043b4542e70a7461ad20e837e94d23e1d6c"},
    {file = "bcrypt-4.3.0-cp313-cp313t-musllinux_1_2_aarch64.whl", hash = "sha256:3b8d62290ebefd49ee0b3ce7500f5dbdcf13b81402c05f6dafab9a1e1b27212f"},
    {file = "bcrypt-4.3.0-cp313-cp313t-musllinux_1_2_x86_64.whl", hash = "sha256:2ef6630e0ec01376f59a006dc72918b1bf436c3b571b80fa1968d775fa02fe7d"},
    {file = "bcrypt-4.3.0-cp313-cp313t-win32.whl", hash = "sha256:7a4be4cbf241afee43f1c3969b9103a41b40bcb3a3f467ab19f891d9bc4642e4"},
    {file = "bcrypt-4.3.0-cp313-cp313t-win_amd64.whl", hash = "sha256:5c1949bf259a388863ced887c7861da1df681cb2388645766c89fdfd9004c669"},
    {file = "bcrypt-4.3.0-cp38-abi3-macosx_10_12_universal2.whl", hash = "sha256:f81b0ed2639568bf14749112298f9e4e2b28853dab50a8b357e31798686a036d"},
    {file = "bcrypt-4.3.0-cp38-abi3-manylinux_2_17_aarch64.manylinux2014_aarch64.whl", hash = "sha256:864f8f19adbe13b7de11ba15d85d4a428c7e2f344bac110f667676a0ff84924b"},
    {file = "bcrypt-4.3.0-cp38-abi3-manylinux_2_17_x86_64.manylinux2014_x86_64.whl", hash = "sha256:3e36506d001e93bffe59754397572f21bb5dc7c83f54454c990c74a468cd589e"},
    {file = "bcrypt-4.3.0-cp38-abi3-manylinux_2_28_aarch64.whl", hash = "sha256:842d08d75d9fe9fb94b18b071090220697f9f184d4547179b60734846461ed59"},
    {file = "bcrypt-4.3.0-cp38-abi3-manylinux_2_28_armv7l.manylinux_2_31_armv7l.whl", hash = "sha256:7c03296b85cb87db865d91da79bf63d5609284fc0cab9472fdd8367bbd830753"},
    {file = "bcrypt-4.3.0-cp38-abi3-manylinux_2_28_x86_64.whl", hash = "sha256:62f26585e8b219cdc909b6a0069efc5e4267e25d4a3770a364ac58024f62a761"},
    {file = "bcrypt-4.3.0-cp38-abi3-manylinux_2_34_aarch64.whl", hash = "sha256:beeefe437218a65322fbd0069eb437e7c98137e08f22c4660ac2dc795c31f8bb"},
    {file = "bcrypt-4.3.0-cp38-abi3-manylinux_2_34_x86_64.whl", hash = "sha256:97eea7408db3a5bcce4a55d13245ab3fa566e23b4c67cd227062bb49e26c585d"},
    {file = "bcrypt-4.3.0-cp38-abi3-musllinux_1_1_aarch64.whl", hash = "sha256:191354ebfe305e84f344c5964c7cd5f924a3bfc5d405c75ad07f232b6dffb49f"},
    {file = "bcrypt-4.3.0-cp38-abi3-musllinux_1_1_x86_64.whl", hash = "sha256:41261d64150858eeb5ff43c753c4b216991e0ae16614a308a15d909503617732"},
    {file = "bcrypt-4.3.0-cp38-abi3-musllinux_1_2_aarch64.whl", hash = "sha256:33752b1ba962ee793fa2b6321404bf20011fe45b9afd2a842139de3011898fef"},
    {file = "bcrypt-4.3.0-cp38-abi3-musllinux_1_2_x86_64.whl", hash = "sha256:50e6e80a4bfd23a25f5c05b90167c19030cf9f87930f7cb2eacb99f45d1c3304"},
    {file = "bcrypt-4.3.0-cp38-abi3-win32.whl", hash = "sha256:67a561c4d9fb9465ec866177e7aebcad08fe23aaf6fbd692a6fab69088abfc51"},
    {file = "bcrypt-4.3.0-cp38-abi3-win_amd64.whl", hash = "sha256:584027857bc2843772114717a7490a37f68da563b3620f78a849bcb54dc11e62"},
    {file = "bcrypt-4.3.0-cp39-abi3-macosx_10_12_universal2.whl", hash = "sha256:0d3efb1157edebfd9128e4e46e2ac1a64e0c1fe46fb023158a407c7892b0f8c3"},
    {file = "bcrypt-4.3.0-cp39-abi3-manylinux_2_17_aarch64.manylinux2014_aarch64.whl", hash = "sha256:08bacc884fd302b611226c01014eca277d48f0a05187666bca23aac0dad6fe24"},
    {file = "bcrypt-4.3.0-cp39-abi3-manylinux_2_17_x86_64.manylinux2014_x86_64.whl", hash = "sha256:f6746e6fec103fcd509b96bacdfdaa2fbde9a553245dbada284435173a6f1aef"},
    {file = "bcrypt-4.3.0-cp39-abi3-manylinux_2_28_aarch64.whl", hash = "sha256:afe327968aaf13fc143a56a3360cb27d4ad0345e34da12c7290f1b00b8fe9a8b"},
    {file = "bcrypt-4.3.0-cp39-abi3-manylinux_2_28_armv7l.manylinux_2_31_armv7l.whl", hash = "sha256:d9af79d322e735b1fc33404b5765108ae0ff232d4b54666d46730f8ac1a43676"},
    {file = "bcrypt-4.3.0-cp39-abi3-manylinux_2_28_x86_64.whl", hash = "sha256:f1e3ffa1365e8702dc48c8b360fef8d7afeca482809c5e45e653af82ccd088c1"},
    {file = "bcrypt-4.3.0-cp39-abi3-manylinux_2_34_aarch64.whl", hash = "sha256:3004df1b323d10021fda07a813fd33e0fd57bef0e9a480bb143877f6cba996fe"},
    {file = "bcrypt-4.3.0-cp39-abi3-manylinux_2_34_x86_64.whl", hash = "sha256:531457e5c839d8caea9b589a1bcfe3756b0547d7814e9ce3d437f17da75c32b0"},
    {file = "bcrypt-4.3.0-cp39-abi3-musllinux_1_1_aarch64.whl", hash = "sha256:17a854d9a7a476a89dcef6c8bd119ad23e0f82557afbd2c442777a16408e614f"},
    {file = "bcrypt-4.3.0-cp39-abi3-musllinux_1_1_x86_64.whl", hash = "sha256:6fb1fd3ab08c0cbc6826a2e0447610c6f09e983a281b919ed721ad32236b8b23"},
    {file = "bcrypt-4.3.0-cp39-abi3-musllinux_1_2_aarch64.whl", hash = "sha256:e965a9c1e9a393b8005031ff52583cedc15b7884fce7deb8b0346388837d6cfe"},
    {file = "bcrypt-4.3.0-cp39-abi3-musllinux_1_2_x86_64.whl", hash = "sha256:79e70b8342a33b52b55d93b3a59223a844962bef479f6a0ea318ebbcadf71505"},
    {file = "bcrypt-4.3.0-cp39-abi3-win32.whl", hash = "sha256:b4d4e57f0a63fd0b358eb765063ff661328f69a04494427265950c71b992a39a"},
    {file = "bcrypt-4.3.0-cp39-abi3-win_amd64.whl", hash = "sha256:e53e074b120f2877a35cc6c736b8eb161377caae8925c17688bd46ba56daaa5b"},
    {file = "bcrypt-4.3.0-pp310-pypy310_pp73-manylinux_2_28_aarch64.whl", hash = "sha256:c950d682f0952bafcceaf709761da0a32a942272fad381081b51096ffa46cea1"},
    {file = "bcrypt-4.3.0-pp310-pypy310_pp73-manylinux_2_28_x86_64.whl", hash = "sha256:107d53b5c67e0bbc3f03ebf5b030e0403d24dda980f8e244795335ba7b4a027d"},
    {file = "bcrypt-4.3.0-pp310-pypy310_pp73-manylinux_2_34_aarch64.whl", hash = "sha256:b693dbb82b3c27a1604a3dff5bfc5418a7e6a781bb795288141e5f80cf3a3492"},
    {file = "bcrypt-4.3.0-pp310-pypy310_pp73-manylinux_2_34_x86_64.whl", hash = "sha256:b6354d3760fcd31994a14c89659dee887f1351a06e5dac3c1142307172a79f90"},
    {file = "bcrypt-4.3.0-pp311-pypy311_pp73-manylinux_2_28_aarch64.whl", hash = "sha256:a839320bf27d474e52ef8cb16449bb2ce0ba03ca9f44daba6d93fa1d8828e48a"},
    {file = "bcrypt-4.3.0-pp311-pypy311_pp73-manylinux_2_28_x86_64.whl", hash = "sha256:bdc6a24e754a555d7316fa4774e64c6c3997d27ed2d1964d55920c7c227bc4ce"},
    {file = "bcrypt-4.3.0-pp311-pypy311_pp73-manylinux_2_34_aarch64.whl", hash = "sha256:55a935b8e9a1d2def0626c4269db3fcd26728cbff1e84f0341465c31c4ee56d8"},
    {file = "bcrypt-4.3.0-pp311-pypy311_pp73-manylinux_2_34_x86_64.whl", hash = "sha256:57967b7a28d855313a963aaea51bf6df89f833db4320da458e5b3c5ab6d4c938"},
    {file = "bcrypt-4.3.0.tar.gz", hash = "sha256:3a3fd2204178b6d2adcf09cb4f6426ffef54762577a7c9b54c159008cb288c18"},
]

[package.extras]
tests = ["pytest (>=3.2.1,!=3.3.0)"]
typecheck = ["mypy"]

[[package]]
name = "django"
version = "5.1.7"
description = "A high-level Python web framework that encourages rapid development and clean, pragmatic design."
optional = false
python-versions = ">=3.10"
groups = ["main"]
files = [
    {file = "Django-5.1.7-py3-none-any.whl", hash = "sha256:1323617cb624add820cb9611cdcc788312d250824f92ca6048fda8625514af2b"},
    {file = "Django-5.1.7.tar.gz", hash = "sha256:30de4ee43a98e5d3da36a9002f287ff400b43ca51791920bfb35f6917bfe041c"},
]

[package.dependencies]
asgiref = ">=3.8.1,<4"
sqlparse = ">=0.3.1"
tzdata = {version = "*", markers = "sys_platform == \"win32\""}

[package.extras]
argon2 = ["argon2-cffi (>=19.1.0)"]
bcrypt = ["bcrypt"]

[[package]]
name = "django-environ"
version = "0.12.0"
description = "A package that allows you to utilize 12factor inspired environment variables to configure your Django application."
optional = false
python-versions = "<4,>=3.9"
groups = ["main"]
files = [
    {file = "django_environ-0.12.0-py2.py3-none-any.whl", hash = "sha256:92fb346a158abda07ffe6eb23135ce92843af06ecf8753f43adf9d2366dcc0ca"},
    {file = "django_environ-0.12.0.tar.gz", hash = "sha256:227dc891453dd5bde769c3449cf4a74b6f2ee8f7ab2361c93a07068f4179041a"},
]

[package.extras]
develop = ["coverage[toml] (>=5.0a4)", "furo (>=2024.8.6)", "pytest (>=4.6.11)", "setuptools (>=71.0.0)", "sphinx (>=5.0)", "sphinx-notfound-page"]
docs = ["furo (>=2024.8.6)", "sphinx (>=5.0)", "sphinx-notfound-page"]
testing = ["coverage[toml] (>=5.0a4)", "pytest (>=4.6.11)", "setuptools (>=71.0.0)"]

[[package]]
name = "django-filter"
version = "25.1"
description = "Django-filter is a reusable Django application for allowing users to filter querysets dynamically."
optional = false
python-versions = ">=3.9"
groups = ["main"]
files = [
    {file = "django_filter-25.1-py3-none-any.whl", hash = "sha256:4fa48677cf5857b9b1347fed23e355ea792464e0fe07244d1fdfb8a806215b80"},
    {file = "django_filter-25.1.tar.gz", hash = "sha256:1ec9eef48fa8da1c0ac9b411744b16c3f4c31176c867886e4c48da369c407153"},
]

[package.dependencies]
Django = ">=4.2"

[[package]]
name = "djangorestframework"
version = "3.15.2"
description = "Web APIs for Django, made easy."
optional = false
python-versions = ">=3.8"
groups = ["main"]
files = [
    {file = "djangorestframework-3.15.2-py3-none-any.whl", hash = "sha256:2b8871b062ba1aefc2de01f773875441a961fefbf79f5eed1e32b2f096944b20"},
    {file = "djangorestframework-3.15.2.tar.gz", hash = "sha256:36fe88cd2d6c6bec23dca9804bab2ba5517a8bb9d8f47ebc68981b56840107ad"},
]

[package.dependencies]
django = ">=4.2"

[[package]]
name = "markdown"
version = "3.7"
description = "Python implementation of John Gruber's Markdown."
optional = false
python-versions = ">=3.8"
groups = ["main"]
files = [
    {file = "Markdown-3.7-py3-none-any.whl", hash = "sha256:7eb6df5690b81a1d7942992c97fad2938e956e79df20cbc6186e9c3a77b1c803"},
    {file = "markdown-3.7.tar.gz", hash = "sha256:2ae2471477cfd02dbbf038d5d9bc226d40def84b4fe2986e49b59b6b472bbed2"},
]

[package.extras]
docs = ["mdx-gh-links (>=0.2)", "mkdocs (>=1.5)", "mkdocs-gen-files", "mkdocs-literate-nav", "mkdocs-nature (>=0.6)", "mkdocs-section-index", "mkdocstrings[python]"]
testing = ["coverage", "pyyaml"]

[[package]]
name = "psycopg"
version = "3.2.5"
description = "PostgreSQL database adapter for Python"
optional = false
python-versions = ">=3.8"
groups = ["main"]
files = [
    {file = "psycopg-3.2.5-py3-none-any.whl", hash = "sha256:b782130983e5b3de30b4c529623d3687033b4dafa05bb661fc6bf45837ca5879"},
    {file = "psycopg-3.2.5.tar.gz", hash = "sha256:f5f750611c67cb200e85b408882f29265c66d1de7f813add4f8125978bfd70e8"},
]

[package.dependencies]
psycopg-binary = {version = "3.2.5", optional = true, markers = "implementation_name != \"pypy\" and extra == \"binary\""}
typing-extensions = {version = ">=4.6", markers = "python_version < \"3.13\""}
tzdata = {version = "*", markers = "sys_platform == \"win32\""}

[package.extras]
binary = ["psycopg-binary (==3.2.5) ; implementation_name != \"pypy\""]
c = ["psycopg-c (==3.2.5) ; implementation_name != \"pypy\""]
dev = ["ast-comments (>=1.1.2)", "black (>=24.1.0)", "codespell (>=2.2)", "dnspython (>=2.1)", "flake8 (>=4.0)", "isort-psycopg", "isort[colors] (>=6.0)", "mypy (>=1.14)", "pre-commit (>=4.0.1)", "types-setuptools (>=57.4)", "wheel (>=0.37)"]
docs = ["Sphinx (>=5.0)", "furo (==2022.6.21)", "sphinx-autobuild (>=2021.3.14)", "sphinx-autodoc-typehints (>=1.12)"]
pool = ["psycopg-pool"]
test = ["anyio (>=4.0)", "mypy (>=1.14)", "pproxy (>=2.7)", "pytest (>=6.2.5)", "pytest-cov (>=3.0)", "pytest-randomly (>=3.5)"]

[[package]]
name = "psycopg-binary"
version = "3.2.5"
description = "PostgreSQL database adapter for Python -- C optimisation distribution"
optional = false
python-versions = ">=3.8"
groups = ["main"]
markers = "implementation_name != \"pypy\""
files = [
    {file = "psycopg_binary-3.2.5-cp310-cp310-macosx_10_9_x86_64.whl", hash = "sha256:a82211a43372cba9b1555a110e84e679deec2dc9463ae4c736977dad99dca5ed"},
    {file = "psycopg_binary-3.2.5-cp310-cp310-macosx_11_0_arm64.whl", hash = "sha256:e7d215a43343d91ba08301865f059d9518818d66a222a85fb425e4156716f5a6"},
    {file = "psycopg_binary-3.2.5-cp310-cp310-manylinux_2_17_aarch64.manylinux2014_aarch64.whl", hash = "sha256:3f893c0ed3d5c7b83b76b1f8f7d3ca5a03e38bcd3cab5d65b5c25a0d1064aca4"},
    {file = "psycopg_binary-3.2.5-cp310-cp310-manylinux_2_17_i686.manylinux2014_i686.whl", hash = "sha256:2d10ce4c39eb9631381a0c3792727946a4391e843625a7ee9579ac6bb11495a5"},
    {file = "psycopg_binary-3.2.5-cp310-cp310-manylinux_2_17_ppc64le.manylinux2014_ppc64le.whl", hash = "sha256:8a602d9fdb567cca090ca19ac3ebf10219065be2a4f8cf9eb8356cffb5a7ab1d"},
    {file = "psycopg_binary-3.2.5-cp310-cp310-manylinux_2_17_x86_64.manylinux2014_x86_64.whl", hash = "sha256:c37eb3be7a6be93f4925ccf52bbfa60244da6c63201770a709dd81a3d2d08534"},
    {file = "psycopg_binary-3.2.5-cp310-cp310-musllinux_1_2_aarch64.whl", hash = "sha256:7d5f1bfc848a94e0d63fe693adee4f88bd9e5c415ecb4c9c17d2d44eba6795a6"},
    {file = "psycopg_binary-3.2.5-cp310-cp310-musllinux_1_2_i686.whl", hash = "sha256:b5e0acbc991472188c9df40eb56d8a97ad3ad00d4de560b8b74bdc2d94041a8f"},
    {file = "psycopg_binary-3.2.5-cp310-cp310-musllinux_1_2_ppc64le.whl", hash = "sha256:d4e0c1b1aa5283f6d9a384ffc7a8400d25386bb98fdb9bddae446e4ef4da7366"},
    {file = "psycopg_binary-3.2.5-cp310-cp310-musllinux_1_2_x86_64.whl", hash = "sha256:c3c5fa3d4fa0a651cefab391b783f89bc5e331afa0a4e93c9b16141993fa05c8"},
    {file = "psycopg_binary-3.2.5-cp310-cp310-win_amd64.whl", hash = "sha256:7efe6c732fd2d7e22d72dc4f7cf9b644020adacfff61b0a8a151343da8e661c0"},
    {file = "psycopg_binary-3.2.5-cp311-cp311-macosx_10_9_x86_64.whl", hash = "sha256:393ab353196d364858b47317d27804ecc58ab56dbde32217bd67f0f2f2980662"},
    {file = "psycopg_binary-3.2.5-cp311-cp311-macosx_11_0_arm64.whl", hash = "sha256:71d82dbc7c6c7f5746468e7992e5483aa45b12250d78d220a2431ab88795825c"},
    {file = "psycopg_binary-3.2.5-cp311-cp311-manylinux_2_17_aarch64.manylinux2014_aarch64.whl", hash = "sha256:39e2cd10bf15442d95c3f48376b25dc33360418ea6c3c05884d8bf42407768c0"},
    {file = "psycopg_binary-3.2.5-cp311-cp311-manylinux_2_17_i686.manylinux2014_i686.whl", hash = "sha256:7623659d44a6aa032be4a066c658ba45009d768c2481526fbef7c609702af116"},
    {file = "psycopg_binary-3.2.5-cp311-cp311-manylinux_2_17_ppc64le.manylinux2014_ppc64le.whl", hash = "sha256:8cd9ebf335262e864d740f9dad3f672f61162cc0d4825a5eb5cf50df334a688f"},
    {file = "psycopg_binary-3.2.5-cp311-cp311-manylinux_2_17_x86_64.manylinux2014_x86_64.whl", hash = "sha256:dc8bc40d82d1ee8dec136e10707c7f3147a6322fd8014e174a0f3446fb793649"},
    {file = "psycopg_binary-3.2.5-cp311-cp311-musllinux_1_2_aarch64.whl", hash = "sha256:11e3ed8b94c750d54fc3e4502dd930fb0fd041629845b6a7ce089873ac9756b0"},
    {file = "psycopg_binary-3.2.5-cp311-cp311-musllinux_1_2_i686.whl", hash = "sha256:48fcb12a0a72fdfe4102bdb1252a7366e8d73a2c89fe6ce5923be890de367c2f"},
    {file = "psycopg_binary-3.2.5-cp311-cp311-musllinux_1_2_ppc64le.whl", hash = "sha256:51a96d9fe51f718912b4a0089784f1f32d800217499fd0f0095b888506aba4c5"},
    {file = "psycopg_binary-3.2.5-cp311-cp311-musllinux_1_2_x86_64.whl", hash = "sha256:eb8293d66c6a4ddc72fceb7ad0e111cb196cc394954ae0f9b63c251d97f1b00e"},
    {file = "psycopg_binary-3.2.5-cp311-cp311-win_amd64.whl", hash = "sha256:5b81342e139ddccfa417832089cd213bd4beacd7a1462ca4019cafe71682d177"},
    {file = "psycopg_binary-3.2.5-cp312-cp312-macosx_10_13_x86_64.whl", hash = "sha256:a4321ee8180982d70458d3e8378e31448901bf0ee40fe0d410a87413578f4098"},
    {file = "psycopg_binary-3.2.5-cp312-cp312-macosx_11_0_arm64.whl", hash = "sha256:2cc86657c05e09c701e97f87132cd58e0d55381dd568520081ac1fe7580a9bbb"},
    {file = "psycopg_binary-3.2.5-cp312-cp312-manylinux_2_17_aarch64.manylinux2014_aarch64.whl", hash = "sha256:5244bebaa9734a236b7157fb57c065b6c0f2344281916187bd73f951df1899e0"},
    {file = "psycopg_binary-3.2.5-cp312-cp312-manylinux_2_17_i686.manylinux2014_i686.whl", hash = "sha256:21b839f9bfd77ed074f7f71464a43f453400c57d038a0ba0716329a28e335897"},
    {file = "psycopg_binary-3.2.5-cp312-cp312-manylinux_2_17_ppc64le.manylinux2014_ppc64le.whl", hash = "sha256:7376b13504396da9678b646f5338462347da01286b2a688a0d8493ec764683a2"},
    {file = "psycopg_binary-3.2.5-cp312-cp312-manylinux_2_17_x86_64.manylinux2014_x86_64.whl", hash = "sha256:473f6827cf1faf3924eb77146d1e85126a1b5e48a88053b8d8b78dd29e971d78"},
    {file = "psycopg_binary-3.2.5-cp312-cp312-musllinux_1_2_aarch64.whl", hash = "sha256:28bd5cb2324567e5e70f07fe1d646398d6b0e210e28b49be0e69593590a59980"},
    {file = "psycopg_binary-3.2.5-cp312-cp312-musllinux_1_2_i686.whl", hash = "sha256:48f97936145cb7de18b95d85670b2d3e2c257277263272be05815b74fb0ef195"},
    {file = "psycopg_binary-3.2.5-cp312-cp312-musllinux_1_2_ppc64le.whl", hash = "sha256:8e6f2bef5aed021fbdf46323d3cd8847bf960efb56394698644a8ee2306f8892"},
    {file = "psycopg_binary-3.2.5-cp312-cp312-musllinux_1_2_x86_64.whl", hash = "sha256:3d2e57a1d06f3968e49e948ba374f21a7d8dcf44f37d582a4aeddeb7c85ce239"},
    {file = "psycopg_binary-3.2.5-cp312-cp312-win_amd64.whl", hash = "sha256:2cbb8649cfdacbd14e17f5ab78edc52d33350013888518c73e90c5d17d7bea55"},
    {file = "psycopg_binary-3.2.5-cp313-cp313-macosx_10_13_x86_64.whl", hash = "sha256:2dbaf32c18c0d11c4480016b89c9c5cadb7b64c55de7f181d222b189bd13a558"},
    {file = "psycopg_binary-3.2.5-cp313-cp313-macosx_11_0_arm64.whl", hash = "sha256:ca5e36a3e7480a5c09aed99ecdb8e6554b21485c3b064297fe77f7b1b5806106"},
    {file = "psycopg_binary-3.2.5-cp313-cp313-manylinux_2_17_aarch64.manylinux2014_aarch64.whl", hash = "sha256:9abe093a303e25ac58774a11241150e2fe2947358d1ca12521ad03c90b131060"},
    {file = "psycopg_binary-3.2.5-cp313-cp313-manylinux_2_17_i686.manylinux2014_i686.whl", hash = "sha256:a91b0e096fdfeb52d86bb8f5ee25dc22483d6960af9b968e6b381a8ec5bfbf82"},
    {file = "psycopg_binary-3.2.5-cp313-cp313-manylinux_2_17_ppc64le.manylinux2014_ppc64le.whl", hash = "sha256:3eb71cfc35116e4a8e336b7e785f1fe06ca23b4516a48ea91facd577d1a1fdf6"},
    {file = "psycopg_binary-3.2.5-cp313-cp313-manylinux_2_17_x86_64.manylinux2014_x86_64.whl", hash = "sha256:98efaedf2bf79f4d563ca039a57a025b72847bd80568f54709cc39fc1404772c"},
    {file = "psycopg_binary-3.2.5-cp313-cp313-musllinux_1_2_aarch64.whl", hash = "sha256:ba4a610882171bdaae0779f14e0ff45f3ee271fd2dbf16cdadfc81bd67323232"},
    {file = "psycopg_binary-3.2.5-cp313-cp313-musllinux_1_2_i686.whl", hash = "sha256:1494827c43265820d5dcdc6f8086521bc7dd04b9da8831310978a788cdcd2e62"},
    {file = "psycopg_binary-3.2.5-cp313-cp313-musllinux_1_2_ppc64le.whl", hash = "sha256:7a94020821723a6a210206ddb458001f3ed27e1e6a0555b9422bebf7ead8ff37"},
    {file = "psycopg_binary-3.2.5-cp313-cp313-musllinux_1_2_x86_64.whl", hash = "sha256:659f2c675d478b1bc01b95a8d3ded74fa939b370e71ffbecd496f617b215eb05"},
    {file = "psycopg_binary-3.2.5-cp313-cp313-win_amd64.whl", hash = "sha256:6b581da13126b8715c0c0585cd37ce934c9864d44b2a4019f5487c0b943275e6"},
    {file = "psycopg_binary-3.2.5-cp38-cp38-macosx_10_9_x86_64.whl", hash = "sha256:02fb96091e2fb3ea1470b113fef08953baaedbca1d39a3f72d82cb615177846c"},
    {file = "psycopg_binary-3.2.5-cp38-cp38-manylinux_2_17_aarch64.manylinux2014_aarch64.whl", hash = "sha256:9639289b72f9339721982e156527c296693236d6192ccc31412ab36fccd1683c"},
    {file = "psycopg_binary-3.2.5-cp38-cp38-manylinux_2_17_i686.manylinux2014_i686.whl", hash = "sha256:ee6d8f489a9b116ea8dc797664a50671585a4ca20573359f067858e1231cc217"},
    {file = "psycopg_binary-3.2.5-cp38-cp38-manylinux_2_17_ppc64le.manylinux2014_ppc64le.whl", hash = "sha256:de576c49d7deab2b78088feb24e1f6ae3e16a0020e8496cdd3b8543f5e350e87"},
    {file = "psycopg_binary-3.2.5-cp38-cp38-manylinux_2_17_x86_64.manylinux2014_x86_64.whl", hash = "sha256:93221d5a759bd39b1face1d7d887d2b9ede3e55aefaff8eacf1b663ccdcd204b"},
    {file = "psycopg_binary-3.2.5-cp38-cp38-musllinux_1_2_aarch64.whl", hash = "sha256:274e852f9e61252bc8e80a0a43d300ba352d40219e856733054023a3bb960eb4"},
    {file = "psycopg_binary-3.2.5-cp38-cp38-musllinux_1_2_i686.whl", hash = "sha256:bc5bd9bf5f5894923b78a41c5becd52d6bced1e1e43744855bd85cb341376ca6"},
    {file = "psycopg_binary-3.2.5-cp38-cp38-musllinux_1_2_ppc64le.whl", hash = "sha256:32b5673736f04c36ccbf8012800fe5bc01b46dac22c5d59e41b043bebaad9d3d"},
    {file = "psycopg_binary-3.2.5-cp38-cp38-musllinux_1_2_x86_64.whl", hash = "sha256:65162a9cc3f86d70b1d895dbda506e3c079f80d082eb41c54d3f6d33a00b3965"},
    {file = "psycopg_binary-3.2.5-cp38-cp38-win_amd64.whl", hash = "sha256:5fd017d7ed71c58f19b0f614e7bfb8f01ec862bacb67ae584f494d090956102e"},
    {file = "psycopg_binary-3.2.5-cp39-cp39-macosx_10_9_x86_64.whl", hash = "sha256:5d2253189aa4cca0a425e2ca896d1a29760cd3a2b10ab12194e4e827a566505c"},
    {file = "psycopg_binary-3.2.5-cp39-cp39-macosx_11_0_arm64.whl", hash = "sha256:4914dc60f2fddf0884464985e31d775aa865b665471fa156ec2f56fa72a1a097"},
    {file = "psycopg_binary-3.2.5-cp39-cp39-manylinux_2_17_aarch64.manylinux2014_aarch64.whl", hash = "sha256:efb878d08dd49d7d9d18512e791b418a1171d08f935475eec98305f0886b7c14"},
    {file = "psycopg_binary-3.2.5-cp39-cp39-manylinux_2_17_i686.manylinux2014_i686.whl", hash = "sha256:62965045cc0fe3dc5dd55d39779620b225ef75962825c7b1b533033cb91810bd"},
    {file = "psycopg_binary-3.2.5-cp39-cp39-manylinux_2_17_ppc64le.manylinux2014_ppc64le.whl", hash = "sha256:2d22a15e45f43d36ed35aed4d5261f8ef6ab7d9b84ee075576ca56ae03b9e0aa"},
    {file = "psycopg_binary-3.2.5-cp39-cp39-manylinux_2_17_x86_64.manylinux2014_x86_64.whl", hash = "sha256:375149006e21d58ed8aba640e0295d8e636043064c433af94eb58057f9b96877"},
    {file = "psycopg_binary-3.2.5-cp39-cp39-musllinux_1_2_aarch64.whl", hash = "sha256:60d0f36a42a822e43c4c7472df8a0c980c0f32e5d74ed871333c423a4e942f11"},
    {file = "psycopg_binary-3.2.5-cp39-cp39-musllinux_1_2_i686.whl", hash = "sha256:b6b5a4542aca4095ab35e184517cb0d18895ba4b6661c92865b431fa7b7974d8"},
    {file = "psycopg_binary-3.2.5-cp39-cp39-musllinux_1_2_ppc64le.whl", hash = "sha256:605f70e267222d567fc40de7813ee3fb29f8145a1a20aa6fd3dc62baba9312f1"},
    {file = "psycopg_binary-3.2.5-cp39-cp39-musllinux_1_2_x86_64.whl", hash = "sha256:2b053eae21dd3a6828b516a1171e1274d1af5f7c07d2d9a8f597f2e19c732168"},
    {file = "psycopg_binary-3.2.5-cp39-cp39-win_amd64.whl", hash = "sha256:23a1dc61abb8f7cc702472ab29554167a9421842f976c201ceb3b722c0299769"},
]

[[package]]
name = "sqlparse"
version = "0.5.3"
description = "A non-validating SQL parser."
optional = false
python-versions = ">=3.8"
groups = ["main"]
files = [
    {file = "sqlparse-0.5.3-py3-none-any.whl", hash = "sha256:cf2196ed3418f3ba5de6af7e82c694a9fbdbfecccdfc72e281548517081f16ca"},
    {file = "sqlparse-0.5.3.tar.gz", hash = "sha256:09f67787f56a0b16ecdbde1bfc7f5d9c3371ca683cfeaa8e6ff60b4807ec9272"},
]

[package.extras]
dev = ["build", "hatch"]
doc = ["sphinx"]

[[package]]
name = "typing-extensions"
version = "4.12.2"
description = "Backported and Experimental Type Hints for Python 3.8+"
optional = false
python-versions = ">=3.8"
groups = ["main"]
markers = "python_version < \"3.13\""
files = [
    {file = "typing_extensions-4.12.2-py3-none-any.whl", hash = "sha256:04e5ca0351e0f3f85c6853954072df659d0d13fac324d0072316b67d7794700d"},
    {file = "typing_extensions-4.12.2.tar.gz", hash = "sha256:1a7ead55c7e559dd4dee8856e3a88b41225abfe1ce8df57b7c13915fe121ffb8"},
]

[[package]]
name = "tzdata"
version = "2025.1"
description = "Provider of IANA time zone data"
optional = false
python-versions = ">=2"
groups = ["main"]
markers = "sys_platform == \"win32\""
files = [
    {file = "tzdata-2025.1-py2.py3-none-any.whl", hash = "sha256:7e127113816800496f027041c570f50bcd464a020098a3b6b199517772303639"},
    {file = "tzdata-2025.1.tar.gz", hash = "sha256:24894909e88cdb28bd1636c6887801df64cb485bd593f2fd83ef29075a81d694"},
]

[metadata]
lock-version = "2.1"
python-versions = ">=3.10,<4"
content-hash = "db0d165e6052c672f78b8d58cb227025d7f19e46b3e752da1285b6cdf83b8f17"
