# This file is automatically @generated by Poetry 2.1.1 and should not be changed by hand.

[[package]]
name = "dnspython"
version = "2.7.0"
description = "DNS toolkit"
optional = false
python-versions = ">=3.9"
groups = ["main"]
files = [
    {file = "dnspython-2.7.0-py3-none-any.whl", hash = "sha256:b4c34b7d10b51bcc3a5071e7b8dee77939f1e878477eeecc965e9835f63c6c86"},
    {file = "dnspython-2.7.0.tar.gz", hash = "sha256:ce9c432eda0dc91cf618a5cedf1a4e142651196bbcd2c80e89ed5a907e5cfaf1"},
]

[package.extras]
dev = ["black (>=23.1.0)", "coverage (>=7.0)", "flake8 (>=7)", "hypercorn (>=0.16.0)", "mypy (>=1.8)", "pylint (>=3)", "pytest (>=7.4)", "pytest-cov (>=4.1.0)", "quart-trio (>=0.11.0)", "sphinx (>=7.2.0)", "sphinx-rtd-theme (>=2.0.0)", "twine (>=4.0.0)", "wheel (>=0.42.0)"]
dnssec = ["cryptography (>=43)"]
doh = ["h2 (>=4.1.0)", "httpcore (>=1.0.0)", "httpx (>=0.26.0)"]
doq = ["aioquic (>=1.0.0)"]
idna = ["idna (>=3.7)"]
trio = ["trio (>=0.23)"]
wmi = ["wmi (>=1.5.1)"]

[[package]]
name = "pymongo"
version = "4.12.0"
description = "Python driver for MongoDB <http://www.mongodb.org>"
optional = false
python-versions = ">=3.9"
groups = ["main"]
files = [
    {file = "pymongo-4.12.0-cp310-cp310-macosx_10_9_x86_64.whl", hash = "sha256:e23d9b5e8d2dfc3ac0540966e93008e471345ec9a2797b77be551e64b70fc8ee"},
    {file = "pymongo-4.12.0-cp310-cp310-macosx_11_0_arm64.whl", hash = "sha256:ecf325f31bf8be70ec5cab50b45a8e09acf3952d693215acac965cecaeb6b58d"},
    {file = "pymongo-4.12.0-cp310-cp310-manylinux_2_17_aarch64.manylinux2014_aarch64.whl", hash = "sha256:adf638404fb96ddf0b2ec07df7279ea709d1e05150e527cc98b23fd0db8c3fec"},
    {file = "pymongo-4.12.0-cp310-cp310-manylinux_2_17_ppc64le.manylinux2014_ppc64le.whl", hash = "sha256:6bee9178d6b358a4cee1a13179779810fec5a5406cf0db41fdf0c065d90029e2"},
    {file = "pymongo-4.12.0-cp310-cp310-manylinux_2_17_s390x.manylinux2014_s390x.whl", hash = "sha256:77f618a29c02bcf824915144957e257f7d7329e8ffc1b804fd80a4e2e7b3b2c8"},
    {file = "pymongo-4.12.0-cp310-cp310-manylinux_2_17_x86_64.manylinux2014_x86_64.whl", hash = "sha256:caeff0cd9e78dd6d7ebb961bdbdf68b2ed63432157e7115d669a21fb534f656f"},
    {file = "pymongo-4.12.0-cp310-cp310-manylinux_2_5_i686.manylinux1_i686.manylinux_2_17_i686.manylinux2014_i686.whl", hash = "sha256:b2fb1f0c08929dc48f147010a679a0ef2b7561fcb616a793fa47ab8b10677334"},
    {file = "pymongo-4.12.0-cp310-cp310-win32.whl", hash = "sha256:5daad50a6ac1cbfe404dd68e9a39d6bb06c6891cb3fe73a5bdc9de2033278d15"},
    {file = "pymongo-4.12.0-cp310-cp310-win_amd64.whl", hash = "sha256:6ebd8096dadd5e6c067ac0afc98079bd58750020cf03fce97c67565352b38bff"},
    {file = "pymongo-4.12.0-cp311-cp311-macosx_10_9_x86_64.whl", hash = "sha256:8f9fa8dbe724306f7126497aa8adf1975203117143de2caf4edacb18aa83270f"},
    {file = "pymongo-4.12.0-cp311-cp311-macosx_11_0_arm64.whl", hash = "sha256:b751458ccd52fc84970ae8d4d354a781bcaac244ad957c635ff70b067f160d41"},
    {file = "pymongo-4.12.0-cp311-cp311-manylinux_2_17_aarch64.manylinux2014_aarch64.whl", hash = "sha256:d5b5e30587e532906bd6dd1cadab374cfa72c211419e56ebe125ee1fb01bd110"},
    {file = "pymongo-4.12.0-cp311-cp311-manylinux_2_17_ppc64le.manylinux2014_ppc64le.whl", hash = "sha256:4c2d527443011cc1ff92752f0152e683184d30b1b95f758809efefdd6246dd3f"},
    {file = "pymongo-4.12.0-cp311-cp311-manylinux_2_17_s390x.manylinux2014_s390x.whl", hash = "sha256:bb76c604e834e2dbb2e3675b298e0ff01e56cd3c36ccc7d01fafbc326be0d48a"},
    {file = "pymongo-4.12.0-cp311-cp311-manylinux_2_17_x86_64.manylinux2014_x86_64.whl", hash = "sha256:3ee07a2eb48c583354ba13b9c0b9f904f22f0a7ab349e37852da3a85f3f5bf2a"},
    {file = "pymongo-4.12.0-cp311-cp311-manylinux_2_5_i686.manylinux1_i686.manylinux_2_17_i686.manylinux2014_i686.whl", hash = "sha256:2af7665a9f566a696902e5d396a4bc0c096cc7a03d661aa67f64943488977ed5"},
    {file = "pymongo-4.12.0-cp311-cp311-win32.whl", hash = "sha256:2eb9179252fa6a6ad98e912e821e9602e02a54a720eabc482e0394c5efcbbd09"},
    {file = "pymongo-4.12.0-cp311-cp311-win_amd64.whl", hash = "sha256:8aed3e58a6714aaed324e56723e9f510032ad0f7756430f4484269f4e33e32f5"},
    {file = "pymongo-4.12.0-cp312-cp312-macosx_10_13_x86_64.whl", hash = "sha256:7bd4358da17705c37f29594b799c9ca65b4b1eb17cb0c6696c591809cdd973f2"},
    {file = "pymongo-4.12.0-cp312-cp312-macosx_11_0_arm64.whl", hash = "sha256:14aade4429997c3060e0df945344fc3bf7fb517253a2445017d9c86b100f4dbc"},
    {file = "pymongo-4.12.0-cp312-cp312-manylinux_2_17_aarch64.manylinux2014_aarch64.whl", hash = "sha256:8f8222022357cbba9c024535816200abfd74fb0b7356afc13ce1533515b625af"},
    {file = "pymongo-4.12.0-cp312-cp312-manylinux_2_17_ppc64le.manylinux2014_ppc64le.whl", hash = "sha256:77455951881e438b6ffdf449b31c3af4b3ed6c6af208de3b9a719d5d444785b3"},
    {file = "pymongo-4.12.0-cp312-cp312-manylinux_2_17_s390x.manylinux2014_s390x.whl", hash = "sha256:c906365c12375f3b4eb03b8dda71711cfe0670272d98a47c15eb8d311b03351d"},
    {file = "pymongo-4.12.0-cp312-cp312-manylinux_2_17_x86_64.manylinux2014_x86_64.whl", hash = "sha256:ba90eb88e604778b767d82ff5165de4ac5135b93c32a6931c77ee17bba6a8daf"},
    {file = "pymongo-4.12.0-cp312-cp312-manylinux_2_5_i686.manylinux1_i686.manylinux_2_17_i686.manylinux2014_i686.whl", hash = "sha256:7e5cd2c837a2ee21e6f0a2da44eba44be1718b7db0893c0148caa309b0388790"},
    {file = "pymongo-4.12.0-cp312-cp312-win32.whl", hash = "sha256:e1015c5689b3013c69802d80ef661c8c094d83d0342a68d45ced52c53f412f29"},
    {file = "pymongo-4.12.0-cp312-cp312-win_amd64.whl", hash = "sha256:ab1a1b82b28d9ddeff93351f2e9e803ca78258e447c13c500294780eb2665a03"},
    {file = "pymongo-4.12.0-cp313-cp313-macosx_10_13_x86_64.whl", hash = "sha256:5c44f44b48bdf793b30a83232b5abad2cda1d7c7dc3bbe9e4a952a8b3b4faad1"},
    {file = "pymongo-4.12.0-cp313-cp313-macosx_11_0_arm64.whl", hash = "sha256:df72eeef20c9246eeda9adfa90b4a0e3208be5b840850e22da599f95fc8048f6"},
    {file = "pymongo-4.12.0-cp313-cp313-manylinux_2_17_aarch64.manylinux2014_aarch64.whl", hash = "sha256:3e5328254fbe0aacdb9191ee76e5df1fa36778770f1fe8b99d8d9f51ce12a8c7"},
    {file = "pymongo-4.12.0-cp313-cp313-manylinux_2_17_ppc64le.manylinux2014_ppc64le.whl", hash = "sha256:dc86d4a127a43d27bef9be4f1e501847ecf8e0d530c58c34967dcbf3bf1a9fff"},
    {file = "pymongo-4.12.0-cp313-cp313-manylinux_2_17_s390x.manylinux2014_s390x.whl", hash = "sha256:32863d54beae2b7d60bd33659c56e6b7a81e7d9082e1cd7cce62e8451a164ab8"},
    {file = "pymongo-4.12.0-cp313-cp313-manylinux_2_17_x86_64.manylinux2014_x86_64.whl", hash = "sha256:0be2192be8e6aebe5b0500a6e69d914cecea7567e895edee2d3069c0a2b171b7"},
    {file = "pymongo-4.12.0-cp313-cp313-manylinux_2_5_i686.manylinux1_i686.manylinux_2_17_i686.manylinux2014_i686.whl", hash = "sha256:ab5a3c39bb6a84bf38149a4f9db51e55686827236af96cab17c65f8346b3c1e3"},
    {file = "pymongo-4.12.0-cp313-cp313-win32.whl", hash = "sha256:a0bc2a32763b6fb76ce701b270d88a3939994d76e64088822e7dc2a8d6a69926"},
    {file = "pymongo-4.12.0-cp313-cp313-win_amd64.whl", hash = "sha256:926bc4792396b6c4da40fd7874921564e69b75c2028833318271bed808f4493a"},
    {file = "pymongo-4.12.0-cp313-cp313t-macosx_10_13_x86_64.whl", hash = "sha256:992549d1022ea2d8e7f93ece8191ab1f84dfe157dcfa043b259d9743ee3188ad"},
    {file = "pymongo-4.12.0-cp313-cp313t-macosx_11_0_arm64.whl", hash = "sha256:6d6cb42c18ce1eee3577a6604a53d5e4e2e8c24b05e00c0749e5bc9220977431"},
    {file = "pymongo-4.12.0-cp313-cp313t-manylinux_2_17_aarch64.manylinux2014_aarch64.whl", hash = "sha256:ff17fcb5184f9511cf49b8a62f8f038555c3a07406f4944a8afd614a3d23bbfa"},
    {file = "pymongo-4.12.0-cp313-cp313t-manylinux_2_17_ppc64le.manylinux2014_ppc64le.whl", hash = "sha256:00c918c5f17360ea02da4ef268f2573967ef453c5ccec0caac2545be95ef478e"},
    {file = "pymongo-4.12.0-cp313-cp313t-manylinux_2_17_s390x.manylinux2014_s390x.whl", hash = "sha256:b65cc36d8ef2dfb567a00a81ad16b7ef1989d3092367aff24fab027be7168cc8"},
    {file = "pymongo-4.12.0-cp313-cp313t-manylinux_2_17_x86_64.manylinux2014_x86_64.whl", hash = "sha256:805b18b615ccf23b6fb2ca815f5580085b53acb8700c017bd873e781e90caf89"},
    {file = "pymongo-4.12.0-cp313-cp313t-manylinux_2_5_i686.manylinux1_i686.manylinux_2_17_i686.manylinux2014_i686.whl", hash = "sha256:5f0654f4eab9c72ddb912b0c393dcb6d66936d9e2141f057bb272477bbc8cf8e"},
    {file = "pymongo-4.12.0-cp313-cp313t-win32.whl", hash = "sha256:2e39fecf539d77a3a4fbd332d5e3f375a1ec9a7b2401d6f27aaf8af5a1fd23e2"},
    {file = "pymongo-4.12.0-cp313-cp313t-win_amd64.whl", hash = "sha256:053e43722c0d76e5798abeb04f3a3ca69f8bdd10c3b56c6705fd72bf815dcbb8"},
    {file = "pymongo-4.12.0-cp39-cp39-macosx_10_9_x86_64.whl", hash = "sha256:342dd65e89f6978ac56cb8e1692e72a6de00e6f9f212ff68464e9b54dbc4c431"},
    {file = "pymongo-4.12.0-cp39-cp39-macosx_11_0_arm64.whl", hash = "sha256:dfd34fe5ce934c359def945a23925f42735e384423db6fd847bc9205661644d4"},
    {file = "pymongo-4.12.0-cp39-cp39-manylinux_2_17_aarch64.manylinux2014_aarch64.whl", hash = "sha256:e576d4bf8e27cdcdbe17a2e78a3e96e16ea443c3ac46e722b3a814b0c9ce7ab5"},
    {file = "pymongo-4.12.0-cp39-cp39-manylinux_2_17_ppc64le.manylinux2014_ppc64le.whl", hash = "sha256:5e78419a8f23705a44d01901c14f830c5d38fe2b1d8853bc836b8d04117207a8"},
    {file = "pymongo-4.12.0-cp39-cp39-manylinux_2_17_s390x.manylinux2014_s390x.whl", hash = "sha256:d89af24652dc43c109cb2839ec6ea0e60b9d19301b05d3f8fa1ebdba9e95a1ee"},
    {file = "pymongo-4.12.0-cp39-cp39-manylinux_2_17_x86_64.manylinux2014_x86_64.whl", hash = "sha256:d83fff3c453f55c57f6a9cccabe2578ca97d7a6378006242f56fc7f1c34f1361"},
    {file = "pymongo-4.12.0-cp39-cp39-manylinux_2_5_i686.manylinux1_i686.manylinux_2_17_i686.manylinux2014_i686.whl", hash = "sha256:29709285691102a2c678e65c3bcf6fd4c96e21d6753e6ec8f7ebe96e4c27ba98"},
    {file = "pymongo-4.12.0-cp39-cp39-manylinux_2_5_i686.manylinux1_i686.whl", hash = "sha256:fb983976e606d970d08af6c74de2e462a0e795e47360df67fe1fd85146a813a2"},
    {file = "pymongo-4.12.0-cp39-cp39-manylinux_2_5_x86_64.manylinux1_x86_64.whl", hash = "sha256:9052cf74602b368e8cc042e5bee181ff9179dd473d05319c6bdaf602c76bb173"},
    {file = "pymongo-4.12.0-cp39-cp39-win32.whl", hash = "sha256:11846ba98179cb5bc9325748877501f558db30437cd2db2ba7643d728c16cbfa"},
    {file = "pymongo-4.12.0-cp39-cp39-win_amd64.whl", hash = "sha256:e22d581aed962822dfeee601251101957f53688101af0c0dfc7180f55285c681"},
    {file = "pymongo-4.12.0.tar.gz", hash = "sha256:d9f74a5cf3fccdb72211e33e07a6c05ac09cd0d7c99d21db5c2473fcfdd03152"},
]

[package.dependencies]
dnspython = ">=1.16.0,<3.0.0"

[package.extras]
aws = ["pymongo-auth-aws (>=1.1.0,<2.0.0)"]
docs = ["furo (==2024.8.6)", "readthedocs-sphinx-search (>=0.3,<1.0)", "sphinx (>=5.3,<9)", "sphinx-autobuild (>=2020.9.1)", "sphinx-rtd-theme (>=2,<4)", "sphinxcontrib-shellcheck (>=1,<2)"]
encryption = ["certifi ; os_name == \"nt\" or sys_platform == \"darwin\"", "pymongo-auth-aws (>=1.1.0,<2.0.0)", "pymongocrypt (>=1.13.0,<2.0.0)"]
gssapi = ["pykerberos ; os_name != \"nt\"", "winkerberos (>=0.5.0) ; os_name == \"nt\""]
ocsp = ["certifi ; os_name == \"nt\" or sys_platform == \"darwin\"", "cryptography (>=2.5)", "pyopenssl (>=17.2.0)", "requests (<3.0.0)", "service-identity (>=18.1.0)"]
snappy = ["python-snappy"]
test = ["pytest (>=8.2)", "pytest-asyncio (>=0.24.0)"]
zstd = ["zstandard"]

[[package]]
name = "python-dotenv"
version = "1.1.0"
description = "Read key-value pairs from a .env file and set them as environment variables"
optional = false
python-versions = ">=3.9"
groups = ["main"]
files = [
    {file = "python_dotenv-1.1.0-py3-none-any.whl", hash = "sha256:d7c01d9e2293916c18baf562d95698754b0dbbb5e74d457c45d4f6561fb9d55d"},
    {file = "python_dotenv-1.1.0.tar.gz", hash = "sha256:41f90bc6f5f177fb41f53e87666db362025010eb28f60a01c9143bfa33a2b2d5"},
]

[package.extras]
cli = ["click (>=5.0)"]

[metadata]
lock-version = "2.1"
python-versions = ">=3.13"
content-hash = "3502d9c854d56131f440afb495e05775da05c30195639fe3a969efc800d7cf37"
