# This file is automatically @generated by Poetry 2.1.1 and should not be changed by hand.

[[package]]
name = "asgiref"
version = "3.8.1"
description = "ASGI specs, helper code, and adapters"
optional = false
python-versions = ">=3.8"
groups = ["main"]
files = [
    {file = "asgiref-3.8.1-py3-none-any.whl", hash = "sha256:3e1e3ecc849832fe52ccf2cb6686b7a55f82bb1d6aee72a58826471390335e47"},
    {file = "asgiref-3.8.1.tar.gz", hash = "sha256:c343bd80a0bec947a9860adb4c432ffa7db769836c64238fc34bdc3fec84d590"},
]

[package.extras]
tests = ["mypy (>=0.800)", "pytest", "pytest-asyncio"]

[[package]]
name = "django"
version = "5.1.7"
description = "A high-level Python web framework that encourages rapid development and clean, pragmatic design."
optional = false
python-versions = ">=3.10"
groups = ["main"]
files = [
    {file = "Django-5.1.7-py3-none-any.whl", hash = "sha256:1323617cb624add820cb9611cdcc788312d250824f92ca6048fda8625514af2b"},
    {file = "Django-5.1.7.tar.gz", hash = "sha256:30de4ee43a98e5d3da36a9002f287ff400b43ca51791920bfb35f6917bfe041c"},
]

[package.dependencies]
asgiref = ">=3.8.1,<4"
sqlparse = ">=0.3.1"
tzdata = {version = "*", markers = "sys_platform == \"win32\""}

[package.extras]
argon2 = ["argon2-cffi (>=19.1.0)"]
bcrypt = ["bcrypt"]

[[package]]
name = "graphene"
version = "3.4.3"
description = "GraphQL Framework for Python"
optional = false
python-versions = "*"
groups = ["main"]
files = [
    {file = "graphene-3.4.3-py2.py3-none-any.whl", hash = "sha256:820db6289754c181007a150db1f7fff544b94142b556d12e3ebc777a7bf36c71"},
    {file = "graphene-3.4.3.tar.gz", hash = "sha256:2a3786948ce75fe7e078443d37f609cbe5bb36ad8d6b828740ad3b95ed1a0aaa"},
]

[package.dependencies]
graphql-core = ">=3.1,<3.3"
graphql-relay = ">=3.1,<3.3"
python-dateutil = ">=2.7.0,<3"
typing-extensions = ">=4.7.1,<5"

[package.extras]
dev = ["coveralls (>=3.3,<5)", "mypy (>=1.10,<2)", "pytest (>=8,<9)", "pytest-asyncio (>=0.16,<2)", "pytest-benchmark (>=4,<5)", "pytest-cov (>=5,<6)", "pytest-mock (>=3,<4)", "ruff (==0.5.0)", "types-python-dateutil (>=2.8.1,<3)"]
test = ["coveralls (>=3.3,<5)", "pytest (>=8,<9)", "pytest-asyncio (>=0.16,<2)", "pytest-benchmark (>=4,<5)", "pytest-cov (>=5,<6)", "pytest-mock (>=3,<4)"]

[[package]]
name = "graphene-django"
version = "3.2.3"
description = "Graphene Django integration"
optional = false
python-versions = "*"
groups = ["main"]
files = [
    {file = "graphene-django-3.2.3.tar.gz", hash = "sha256:d831bfe8e9a6e77e477b7854faef4addb318f386119a69ee4c57b74560f3e07d"},
    {file = "graphene_django-3.2.3-py2.py3-none-any.whl", hash = "sha256:0c673a4dad315b26b4d18eb379ad0c7027fd6a36d23a1848b7c7c09a14a9271e"},
]

[package.dependencies]
Django = ">=3.2"
graphene = ">=3.0,<4"
graphql-core = ">=3.1.0,<4"
graphql-relay = ">=3.1.1,<4"
promise = ">=2.1"
text-unidecode = "*"

[package.extras]
dev = ["coveralls", "django-filter (>=22.1)", "djangorestframework (>=3.6.3)", "mock", "pre-commit", "pytest (>=7.3.1)", "pytest-cov", "pytest-django (>=4.5.2)", "pytest-random-order", "pytz", "ruff (==0.1.2)"]
rest-framework = ["djangorestframework (>=3.6.3)"]
test = ["coveralls", "django-filter (>=22.1)", "djangorestframework (>=3.6.3)", "mock", "pytest (>=7.3.1)", "pytest-cov", "pytest-django (>=4.5.2)", "pytest-random-order", "pytz"]

[[package]]
name = "graphql-core"
version = "3.2.6"
description = "GraphQL implementation for Python, a port of GraphQL.js, the JavaScript reference implementation for GraphQL."
optional = false
python-versions = "<4,>=3.6"
groups = ["main"]
files = [
    {file = "graphql_core-3.2.6-py3-none-any.whl", hash = "sha256:78b016718c161a6fb20a7d97bbf107f331cd1afe53e45566c59f776ed7f0b45f"},
    {file = "graphql_core-3.2.6.tar.gz", hash = "sha256:c08eec22f9e40f0bd61d805907e3b3b1b9a320bc606e23dc145eebca07c8fbab"},
]

[[package]]
name = "graphql-relay"
version = "3.2.0"
description = "Relay library for graphql-core"
optional = false
python-versions = ">=3.6,<4"
groups = ["main"]
files = [
    {file = "graphql-relay-3.2.0.tar.gz", hash = "sha256:1ff1c51298356e481a0be009ccdff249832ce53f30559c1338f22a0e0d17250c"},
    {file = "graphql_relay-3.2.0-py3-none-any.whl", hash = "sha256:c9b22bd28b170ba1fe674c74384a8ff30a76c8e26f88ac3aa1584dd3179953e5"},
]

[package.dependencies]
graphql-core = ">=3.2,<3.3"

[[package]]
name = "promise"
version = "2.3"
description = "Promises/A+ implementation for Python"
optional = false
python-versions = "*"
groups = ["main"]
files = [
    {file = "promise-2.3.tar.gz", hash = "sha256:dfd18337c523ba4b6a58801c164c1904a9d4d1b1747c7d5dbf45b693a49d93d0"},
]

[package.dependencies]
six = "*"

[package.extras]
test = ["coveralls", "futures", "mock", "pytest (>=2.7.3)", "pytest-benchmark", "pytest-cov"]

[[package]]
name = "python-dateutil"
version = "2.9.0.post0"
description = "Extensions to the standard Python datetime module"
optional = false
python-versions = "!=3.0.*,!=3.1.*,!=3.2.*,>=2.7"
groups = ["main"]
files = [
    {file = "python-dateutil-2.9.0.post0.tar.gz", hash = "sha256:37dd54208da7e1cd875388217d5e00ebd4179249f90fb72437e91a35459a0ad3"},
    {file = "python_dateutil-2.9.0.post0-py2.py3-none-any.whl", hash = "sha256:a8b2bc7bffae282281c8140a97d3aa9c14da0b136dfe83f850eea9a5f7470427"},
]

[package.dependencies]
six = ">=1.5"

[[package]]
name = "six"
version = "1.17.0"
description = "Python 2 and 3 compatibility utilities"
optional = false
python-versions = "!=3.0.*,!=3.1.*,!=3.2.*,>=2.7"
groups = ["main"]
files = [
    {file = "six-1.17.0-py2.py3-none-any.whl", hash = "sha256:4721f391ed90541fddacab5acf947aa0d3dc7d27b2e1e8eda2be8970586c3274"},
    {file = "six-1.17.0.tar.gz", hash = "sha256:ff70335d468e7eb6ec65b95b99d3a2836546063f63acc5171de367e834932a81"},
]

[[package]]
name = "sqlparse"
version = "0.5.3"
description = "A non-validating SQL parser."
optional = false
python-versions = ">=3.8"
groups = ["main"]
files = [
    {file = "sqlparse-0.5.3-py3-none-any.whl", hash = "sha256:cf2196ed3418f3ba5de6af7e82c694a9fbdbfecccdfc72e281548517081f16ca"},
    {file = "sqlparse-0.5.3.tar.gz", hash = "sha256:09f67787f56a0b16ecdbde1bfc7f5d9c3371ca683cfeaa8e6ff60b4807ec9272"},
]

[package.extras]
dev = ["build", "hatch"]
doc = ["sphinx"]

[[package]]
name = "text-unidecode"
version = "1.3"
description = "The most basic Text::Unidecode port"
optional = false
python-versions = "*"
groups = ["main"]
files = [
    {file = "text-unidecode-1.3.tar.gz", hash = "sha256:bad6603bb14d279193107714b288be206cac565dfa49aa5b105294dd5c4aab93"},
    {file = "text_unidecode-1.3-py2.py3-none-any.whl", hash = "sha256:1311f10e8b895935241623731c2ba64f4c455287888b18189350b67134a822e8"},
]

[[package]]
name = "typing-extensions"
version = "4.13.0"
description = "Backported and Experimental Type Hints for Python 3.8+"
optional = false
python-versions = ">=3.8"
groups = ["main"]
files = [
    {file = "typing_extensions-4.13.0-py3-none-any.whl", hash = "sha256:c8dd92cc0d6425a97c18fbb9d1954e5ff92c1ca881a309c45f06ebc0b79058e5"},
    {file = "typing_extensions-4.13.0.tar.gz", hash = "sha256:0a4ac55a5820789d87e297727d229866c9650f6521b64206413c4fbada24d95b"},
]

[[package]]
name = "tzdata"
version = "2025.2"
description = "Provider of IANA time zone data"
optional = false
python-versions = ">=2"
groups = ["main"]
markers = "sys_platform == \"win32\""
files = [
    {file = "tzdata-2025.2-py2.py3-none-any.whl", hash = "sha256:1a403fada01ff9221ca8044d701868fa132215d84beb92242d9acd2147f667a8"},
    {file = "tzdata-2025.2.tar.gz", hash = "sha256:b60a638fcc0daffadf82fe0f57e53d06bdec2f36c4df66280ae79bce6bd6f2b9"},
]

[metadata]
lock-version = "2.1"
python-versions = ">=3.13,<4"
content-hash = "9ee092845fea24f0d5949c2cb496171ea081ecd65dac71e3ad6e272fddd6f897"
